// !$*UTF8*$!
{
	archiveVersion = 1;
	classes = {
	};
	objectVersion = 50;
	objects = {

/* Begin PBXBuildFile section */
		6A25479721E1E76100DC4E11 /* Transaction+CoreDataClass.swift in Sources */ = {isa = PBXBuildFile; fileRef = 6A25479521E1E76100DC4E11 /* Transaction+CoreDataClass.swift */; };
		6A25479821E1E76100DC4E11 /* Transaction+CoreDataProperties.swift in Sources */ = {isa = PBXBuildFile; fileRef = 6A25479621E1E76100DC4E11 /* Transaction+CoreDataProperties.swift */; };
		6A3D884221E1214D004B6BA4 /* CoreDataManager.swift in Sources */ = {isa = PBXBuildFile; fileRef = 6A3D884121E1214D004B6BA4 /* CoreDataManager.swift */; };
		6AA0D99721DF6DB500AEEEA1 /* AppDelegate.swift in Sources */ = {isa = PBXBuildFile; fileRef = 6AA0D99621DF6DB500AEEEA1 /* AppDelegate.swift */; };
		6AA0D99C21DF6DB500AEEEA1 /* Main.storyboard in Resources */ = {isa = PBXBuildFile; fileRef = 6AA0D99A21DF6DB500AEEEA1 /* Main.storyboard */; };
		6AA0D99F21DF6DB500AEEEA1 /* Expenso.xcdatamodeld in Sources */ = {isa = PBXBuildFile; fileRef = 6AA0D99D21DF6DB500AEEEA1 /* Expenso.xcdatamodeld */; };
		6AA0D9A121DF6DB600AEEEA1 /* Assets.xcassets in Resources */ = {isa = PBXBuildFile; fileRef = 6AA0D9A021DF6DB600AEEEA1 /* Assets.xcassets */; };
		6AA0D9A421DF6DB600AEEEA1 /* LaunchScreen.storyboard in Resources */ = {isa = PBXBuildFile; fileRef = 6AA0D9A221DF6DB600AEEEA1 /* LaunchScreen.storyboard */; };
		6AA0D9AC21DF729500AEEEA1 /* README.md in Resources */ = {isa = PBXBuildFile; fileRef = 6AA0D9AB21DF729500AEEEA1 /* README.md */; };
		6AA0D9B121DF776200AEEEA1 /* AddOrEditExpenceViewModel.swift in Sources */ = {isa = PBXBuildFile; fileRef = 6AA0D9B021DF776200AEEEA1 /* AddOrEditExpenceViewModel.swift */; };
		6AA0D9B421DF77D100AEEEA1 /* AddOrEditExpenceViewController.swift in Sources */ = {isa = PBXBuildFile; fileRef = 6AA0D9B321DF77D100AEEEA1 /* AddOrEditExpenceViewController.swift */; };
		6AA0D9B821DF792100AEEEA1 /* OverviewViewController.swift in Sources */ = {isa = PBXBuildFile; fileRef = 6AA0D9B721DF792100AEEEA1 /* OverviewViewController.swift */; };
		6AA0D9BA21DF79DE00AEEEA1 /* TransactionsViewController.swift in Sources */ = {isa = PBXBuildFile; fileRef = 6AA0D9B921DF79DE00AEEEA1 /* TransactionsViewController.swift */; };
		6AA0D9BC21DF85A300AEEEA1 /* TrasactionAmountCell.swift in Sources */ = {isa = PBXBuildFile; fileRef = 6AA0D9BB21DF85A300AEEEA1 /* TrasactionAmountCell.swift */; };
		6AA0D9BE21DF86F700AEEEA1 /* TrasactionImageCell.swift in Sources */ = {isa = PBXBuildFile; fileRef = 6AA0D9BD21DF86F700AEEEA1 /* TrasactionImageCell.swift */; };
		6AA0D9C021DF872100AEEEA1 /* TrasactionCategoryCell.swift in Sources */ = {isa = PBXBuildFile; fileRef = 6AA0D9BF21DF872100AEEEA1 /* TrasactionCategoryCell.swift */; };
		6AA0D9C221DF881100AEEEA1 /* TrasactionDescriptionCell.swift in Sources */ = {isa = PBXBuildFile; fileRef = 6AA0D9C121DF881100AEEEA1 /* TrasactionDescriptionCell.swift */; };
		6AA0D9C421DF88D100AEEEA1 /* TrasactionDateCell.swift in Sources */ = {isa = PBXBuildFile; fileRef = 6AA0D9C321DF88D100AEEEA1 /* TrasactionDateCell.swift */; };
		6AA0D9CC21DF911800AEEEA1 /* Category.swift in Sources */ = {isa = PBXBuildFile; fileRef = 6AA0D9CB21DF911800AEEEA1 /* Category.swift */; };
		6AA0D9CE21DF91DD00AEEEA1 /* AllCategoryViewModel.swift in Sources */ = {isa = PBXBuildFile; fileRef = 6AA0D9CD21DF91DD00AEEEA1 /* AllCategoryViewModel.swift */; };
		6AA0D9D021DF937600AEEEA1 /* CategoriesViewController.swift in Sources */ = {isa = PBXBuildFile; fileRef = 6AA0D9CF21DF937600AEEEA1 /* CategoriesViewController.swift */; };
		6AA0D9D221DFC5FA00AEEEA1 /* DoneToolbar.swift in Sources */ = {isa = PBXBuildFile; fileRef = 6AA0D9D121DFC5FA00AEEEA1 /* DoneToolbar.swift */; };
		6AB257FF21E088DC00D6A42D /* Utils.swift in Sources */ = {isa = PBXBuildFile; fileRef = 6AB257FE21E088DC00D6A42D /* Utils.swift */; };
/* End PBXBuildFile section */

/* Begin PBXFileReference section */
		6A25479521E1E76100DC4E11 /* Transaction+CoreDataClass.swift */ = {isa = PBXFileReference; lastKnownFileType = sourcecode.swift; path = "Transaction+CoreDataClass.swift"; sourceTree = "<group>"; };
		6A25479621E1E76100DC4E11 /* Transaction+CoreDataProperties.swift */ = {isa = PBXFileReference; lastKnownFileType = sourcecode.swift; path = "Transaction+CoreDataProperties.swift"; sourceTree = "<group>"; };
		6A3D884121E1214D004B6BA4 /* CoreDataManager.swift */ = {isa = PBXFileReference; lastKnownFileType = sourcecode.swift; path = CoreDataManager.swift; sourceTree = "<group>"; };
		6AA0D99321DF6DB500AEEEA1 /* Expenso.app */ = {isa = PBXFileReference; explicitFileType = wrapper.application; includeInIndex = 0; path = Expenso.app; sourceTree = BUILT_PRODUCTS_DIR; };
		6AA0D99621DF6DB500AEEEA1 /* AppDelegate.swift */ = {isa = PBXFileReference; lastKnownFileType = sourcecode.swift; path = AppDelegate.swift; sourceTree = "<group>"; };
		6AA0D99B21DF6DB500AEEEA1 /* Base */ = {isa = PBXFileReference; lastKnownFileType = file.storyboard; name = Base; path = Base.lproj/Main.storyboard; sourceTree = "<group>"; };
		6AA0D99E21DF6DB500AEEEA1 /* Expenso.xcdatamodel */ = {isa = PBXFileReference; lastKnownFileType = wrapper.xcdatamodel; path = Expenso.xcdatamodel; sourceTree = "<group>"; };
		6AA0D9A021DF6DB600AEEEA1 /* Assets.xcassets */ = {isa = PBXFileReference; lastKnownFileType = folder.assetcatalog; path = Assets.xcassets; sourceTree = "<group>"; };
		6AA0D9A321DF6DB600AEEEA1 /* Base */ = {isa = PBXFileReference; lastKnownFileType = file.storyboard; name = Base; path = Base.lproj/LaunchScreen.storyboard; sourceTree = "<group>"; };
		6AA0D9A521DF6DB600AEEEA1 /* Info.plist */ = {isa = PBXFileReference; lastKnownFileType = text.plist.xml; path = Info.plist; sourceTree = "<group>"; };
		6AA0D9AB21DF729500AEEEA1 /* README.md */ = {isa = PBXFileReference; fileEncoding = 4; lastKnownFileType = net.daringfireball.markdown; name = README.md; path = ../README.md; sourceTree = "<group>"; };
		6AA0D9B021DF776200AEEEA1 /* AddOrEditExpenceViewModel.swift */ = {isa = PBXFileReference; lastKnownFileType = sourcecode.swift; path = AddOrEditExpenceViewModel.swift; sourceTree = "<group>"; };
		6AA0D9B321DF77D100AEEEA1 /* AddOrEditExpenceViewController.swift */ = {isa = PBXFileReference; lastKnownFileType = sourcecode.swift; path = AddOrEditExpenceViewController.swift; sourceTree = "<group>"; };
		6AA0D9B721DF792100AEEEA1 /* OverviewViewController.swift */ = {isa = PBXFileReference; lastKnownFileType = sourcecode.swift; path = OverviewViewController.swift; sourceTree = "<group>"; };
		6AA0D9B921DF79DE00AEEEA1 /* TransactionsViewController.swift */ = {isa = PBXFileReference; lastKnownFileType = sourcecode.swift; path = TransactionsViewController.swift; sourceTree = "<group>"; };
		6AA0D9BB21DF85A300AEEEA1 /* TrasactionAmountCell.swift */ = {isa = PBXFileReference; lastKnownFileType = sourcecode.swift; path = TrasactionAmountCell.swift; sourceTree = "<group>"; };
		6AA0D9BD21DF86F700AEEEA1 /* TrasactionImageCell.swift */ = {isa = PBXFileReference; lastKnownFileType = sourcecode.swift; path = TrasactionImageCell.swift; sourceTree = "<group>"; };
		6AA0D9BF21DF872100AEEEA1 /* TrasactionCategoryCell.swift */ = {isa = PBXFileReference; lastKnownFileType = sourcecode.swift; path = TrasactionCategoryCell.swift; sourceTree = "<group>"; };
		6AA0D9C121DF881100AEEEA1 /* TrasactionDescriptionCell.swift */ = {isa = PBXFileReference; lastKnownFileType = sourcecode.swift; path = TrasactionDescriptionCell.swift; sourceTree = "<group>"; };
		6AA0D9C321DF88D100AEEEA1 /* TrasactionDateCell.swift */ = {isa = PBXFileReference; lastKnownFileType = sourcecode.swift; path = TrasactionDateCell.swift; sourceTree = "<group>"; };
		6AA0D9CB21DF911800AEEEA1 /* Category.swift */ = {isa = PBXFileReference; lastKnownFileType = sourcecode.swift; path = Category.swift; sourceTree = "<group>"; };
		6AA0D9CD21DF91DD00AEEEA1 /* AllCategoryViewModel.swift */ = {isa = PBXFileReference; lastKnownFileType = sourcecode.swift; path = AllCategoryViewModel.swift; sourceTree = "<group>"; };
		6AA0D9CF21DF937600AEEEA1 /* CategoriesViewController.swift */ = {isa = PBXFileReference; lastKnownFileType = sourcecode.swift; path = CategoriesViewController.swift; sourceTree = "<group>"; };
		6AA0D9D121DFC5FA00AEEEA1 /* DoneToolbar.swift */ = {isa = PBXFileReference; lastKnownFileType = sourcecode.swift; path = DoneToolbar.swift; sourceTree = "<group>"; };
		6AB257FE21E088DC00D6A42D /* Utils.swift */ = {isa = PBXFileReference; lastKnownFileType = sourcecode.swift; path = Utils.swift; sourceTree = "<group>"; };
/* End PBXFileReference section */

/* Begin PBXFrameworksBuildPhase section */
		6AA0D99021DF6DB500AEEEA1 /* Frameworks */ = {
			isa = PBXFrameworksBuildPhase;
			buildActionMask = 2147483647;
			files = (
			);
			runOnlyForDeploymentPostprocessing = 0;
		};
/* End PBXFrameworksBuildPhase section */

/* Begin PBXGroup section */
		6A3D884021E12113004B6BA4 /* CoreDataManager */ = {
			isa = PBXGroup;
			children = (
				6A25479521E1E76100DC4E11 /* Transaction+CoreDataClass.swift */,
				6A25479621E1E76100DC4E11 /* Transaction+CoreDataProperties.swift */,
				6A3D884121E1214D004B6BA4 /* CoreDataManager.swift */,
			);
			path = CoreDataManager;
			sourceTree = "<group>";
		};
		6AA0D98A21DF6DB500AEEEA1 = {
			isa = PBXGroup;
			children = (
				6AA0D99521DF6DB500AEEEA1 /* Expenso */,
				6AA0D99421DF6DB500AEEEA1 /* Products */,
				6AA0D9AB21DF729500AEEEA1 /* README.md */,
			);
			sourceTree = "<group>";
		};
		6AA0D99421DF6DB500AEEEA1 /* Products */ = {
			isa = PBXGroup;
			children = (
				6AA0D99321DF6DB500AEEEA1 /* Expenso.app */,
			);
			name = Products;
			sourceTree = "<group>";
		};
		6AA0D99521DF6DB500AEEEA1 /* Expenso */ = {
			isa = PBXGroup;
			children = (
				6A3D884021E12113004B6BA4 /* CoreDataManager */,
				6AB257FD21E088AE00D6A42D /* Utils */,
				6AA0D9AD21DF768A00AEEEA1 /* MVVM */,
				6AA0D99621DF6DB500AEEEA1 /* AppDelegate.swift */,
				6AA0D99A21DF6DB500AEEEA1 /* Main.storyboard */,
				6AA0D9A021DF6DB600AEEEA1 /* Assets.xcassets */,
				6AA0D9A221DF6DB600AEEEA1 /* LaunchScreen.storyboard */,
				6AA0D9A521DF6DB600AEEEA1 /* Info.plist */,
				6AA0D99D21DF6DB500AEEEA1 /* Expenso.xcdatamodeld */,
			);
			path = Expenso;
			sourceTree = "<group>";
		};
		6AA0D9AD21DF768A00AEEEA1 /* MVVM */ = {
			isa = PBXGroup;
			children = (
				6AA0D9C721DF90C900AEEEA1 /* Category */,
				6AA0D9B621DF78F800AEEEA1 /* Overview */,
				6AA0D9B521DF78ED00AEEEA1 /* Transactions */,
				6AA0D9AE21DF769A00AEEEA1 /* AddOrEditExpense */,
			);
			path = MVVM;
			sourceTree = "<group>";
		};
		6AA0D9AE21DF769A00AEEEA1 /* AddOrEditExpense */ = {
			isa = PBXGroup;
			children = (
				6AA0D9B221DF777D00AEEEA1 /* View */,
				6AA0D9AF21DF76D800AEEEA1 /* ViewModel */,
			);
			path = AddOrEditExpense;
			sourceTree = "<group>";
		};
		6AA0D9AF21DF76D800AEEEA1 /* ViewModel */ = {
			isa = PBXGroup;
			children = (
				6AA0D9B021DF776200AEEEA1 /* AddOrEditExpenceViewModel.swift */,
			);
			path = ViewModel;
			sourceTree = "<group>";
		};
		6AA0D9B221DF777D00AEEEA1 /* View */ = {
			isa = PBXGroup;
			children = (
				6AA0D9B321DF77D100AEEEA1 /* AddOrEditExpenceViewController.swift */,
				6AA0D9BB21DF85A300AEEEA1 /* TrasactionAmountCell.swift */,
				6AA0D9C321DF88D100AEEEA1 /* TrasactionDateCell.swift */,
				6AA0D9BD21DF86F700AEEEA1 /* TrasactionImageCell.swift */,
				6AA0D9BF21DF872100AEEEA1 /* TrasactionCategoryCell.swift */,
				6AA0D9C121DF881100AEEEA1 /* TrasactionDescriptionCell.swift */,
			);
			path = View;
			sourceTree = "<group>";
		};
		6AA0D9B521DF78ED00AEEEA1 /* Transactions */ = {
			isa = PBXGroup;
			children = (
				6AA0D9B921DF79DE00AEEEA1 /* TransactionsViewController.swift */,
			);
			path = Transactions;
			sourceTree = "<group>";
		};
		6AA0D9B621DF78F800AEEEA1 /* Overview */ = {
			isa = PBXGroup;
			children = (
				6AA0D9B721DF792100AEEEA1 /* OverviewViewController.swift */,
			);
			path = Overview;
			sourceTree = "<group>";
		};
		6AA0D9C721DF90C900AEEEA1 /* Category */ = {
			isa = PBXGroup;
			children = (
				6AA0D9CA21DF90FF00AEEEA1 /* Model */,
				6AA0D9C921DF90F700AEEEA1 /* ViewModel */,
				6AA0D9C821DF90F100AEEEA1 /* View */,
			);
			path = Category;
			sourceTree = "<group>";
		};
		6AA0D9C821DF90F100AEEEA1 /* View */ = {
			isa = PBXGroup;
			children = (
				6AA0D9CF21DF937600AEEEA1 /* CategoriesViewController.swift */,
			);
			path = View;
			sourceTree = "<group>";
		};
		6AA0D9C921DF90F700AEEEA1 /* ViewModel */ = {
			isa = PBXGroup;
			children = (
				6AA0D9CD21DF91DD00AEEEA1 /* AllCategoryViewModel.swift */,
			);
			path = ViewModel;
			sourceTree = "<group>";
		};
		6AA0D9CA21DF90FF00AEEEA1 /* Model */ = {
			isa = PBXGroup;
			children = (
				6AA0D9CB21DF911800AEEEA1 /* Category.swift */,
			);
			path = Model;
			sourceTree = "<group>";
		};
		6AB257FD21E088AE00D6A42D /* Utils */ = {
			isa = PBXGroup;
			children = (
				6AB257FE21E088DC00D6A42D /* Utils.swift */,
				6AA0D9D121DFC5FA00AEEEA1 /* DoneToolbar.swift */,
			);
			path = Utils;
			sourceTree = "<group>";
		};
/* End PBXGroup section */

/* Begin PBXNativeTarget section */
		6AA0D99221DF6DB500AEEEA1 /* Expenso */ = {
			isa = PBXNativeTarget;
			buildConfigurationList = 6AA0D9A821DF6DB600AEEEA1 /* Build configuration list for PBXNativeTarget "Expenso" */;
			buildPhases = (
				6AA0D98F21DF6DB500AEEEA1 /* Sources */,
				6AA0D99021DF6DB500AEEEA1 /* Frameworks */,
				6AA0D99121DF6DB500AEEEA1 /* Resources */,
			);
			buildRules = (
			);
			dependencies = (
			);
			name = Expenso;
			productName = Expenso;
			productReference = 6AA0D99321DF6DB500AEEEA1 /* Expenso.app */;
			productType = "com.apple.product-type.application";
		};
/* End PBXNativeTarget section */

/* Begin PBXProject section */
		6AA0D98B21DF6DB500AEEEA1 /* Project object */ = {
			isa = PBXProject;
			attributes = {
				LastSwiftUpdateCheck = 1010;
				LastUpgradeCheck = 1010;
				ORGANIZATIONNAME = "App Street Software Pvt Ltd";
				TargetAttributes = {
					6AA0D99221DF6DB500AEEEA1 = {
						CreatedOnToolsVersion = 10.1;
					};
				};
			};
			buildConfigurationList = 6AA0D98E21DF6DB500AEEEA1 /* Build configuration list for PBXProject "Expenso" */;
			compatibilityVersion = "Xcode 9.3";
			developmentRegion = en;
			hasScannedForEncodings = 0;
			knownRegions = (
				en,
				Base,
			);
			mainGroup = 6AA0D98A21DF6DB500AEEEA1;
			productRefGroup = 6AA0D99421DF6DB500AEEEA1 /* Products */;
			projectDirPath = "";
			projectRoot = "";
			targets = (
				6AA0D99221DF6DB500AEEEA1 /* Expenso */,
			);
		};
/* End PBXProject section */

/* Begin PBXResourcesBuildPhase section */
		6AA0D99121DF6DB500AEEEA1 /* Resources */ = {
			isa = PBXResourcesBuildPhase;
			buildActionMask = 2147483647;
			files = (
				6AA0D9A421DF6DB600AEEEA1 /* LaunchScreen.storyboard in Resources */,
				6AA0D9A121DF6DB600AEEEA1 /* Assets.xcassets in Resources */,
				6AA0D9AC21DF729500AEEEA1 /* README.md in Resources */,
				6AA0D99C21DF6DB500AEEEA1 /* Main.storyboard in Resources */,
			);
			runOnlyForDeploymentPostprocessing = 0;
		};
/* End PBXResourcesBuildPhase section */

/* Begin PBXSourcesBuildPhase section */
		6AA0D98F21DF6DB500AEEEA1 /* Sources */ = {
			isa = PBXSourcesBuildPhase;
			buildActionMask = 2147483647;
			files = (
				6AA0D9C021DF872100AEEEA1 /* TrasactionCategoryCell.swift in Sources */,
				6AA0D9BA21DF79DE00AEEEA1 /* TransactionsViewController.swift in Sources */,
				6A25479821E1E76100DC4E11 /* Transaction+CoreDataProperties.swift in Sources */,
				6AA0D99F21DF6DB500AEEEA1 /* Expenso.xcdatamodeld in Sources */,
				6AA0D9B421DF77D100AEEEA1 /* AddOrEditExpenceViewController.swift in Sources */,
				6A25479721E1E76100DC4E11 /* Transaction+CoreDataClass.swift in Sources */,
				6A3D884221E1214D004B6BA4 /* CoreDataManager.swift in Sources */,
				6AA0D9C421DF88D100AEEEA1 /* TrasactionDateCell.swift in Sources */,
				6AA0D9D221DFC5FA00AEEEA1 /* DoneToolbar.swift in Sources */,
				6AA0D9C221DF881100AEEEA1 /* TrasactionDescriptionCell.swift in Sources */,
				6AA0D99721DF6DB500AEEEA1 /* AppDelegate.swift in Sources */,
				6AA0D9B121DF776200AEEEA1 /* AddOrEditExpenceViewModel.swift in Sources */,
				6AA0D9BE21DF86F700AEEEA1 /* TrasactionImageCell.swift in Sources */,
				6AA0D9CC21DF911800AEEEA1 /* Category.swift in Sources */,
				6AA0D9BC21DF85A300AEEEA1 /* TrasactionAmountCell.swift in Sources */,
				6AA0D9B821DF792100AEEEA1 /* OverviewViewController.swift in Sources */,
				6AB257FF21E088DC00D6A42D /* Utils.swift in Sources */,
				6AA0D9CE21DF91DD00AEEEA1 /* AllCategoryViewModel.swift in Sources */,
				6AA0D9D021DF937600AEEEA1 /* CategoriesViewController.swift in Sources */,
			);
			runOnlyForDeploymentPostprocessing = 0;
		};
/* End PBXSourcesBuildPhase section */

/* Begin PBXVariantGroup section */
		6AA0D99A21DF6DB500AEEEA1 /* Main.storyboard */ = {
			isa = PBXVariantGroup;
			children = (
				6AA0D99B21DF6DB500AEEEA1 /* Base */,
			);
			name = Main.storyboard;
			sourceTree = "<group>";
		};
		6AA0D9A221DF6DB600AEEEA1 /* LaunchScreen.storyboard */ = {
			isa = PBXVariantGroup;
			children = (
				6AA0D9A321DF6DB600AEEEA1 /* Base */,
			);
			name = LaunchScreen.storyboard;
			sourceTree = "<group>";
		};
/* End PBXVariantGroup section */

/* Begin XCBuildConfiguration section */
		6AA0D9A621DF6DB600AEEEA1 /* Debug */ = {
			isa = XCBuildConfiguration;
			buildSettings = {
				ALWAYS_SEARCH_USER_PATHS = NO;
				CLANG_ANALYZER_NONNULL = YES;
				CLANG_ANALYZER_NUMBER_OBJECT_CONVERSION = YES_AGGRESSIVE;
				CLANG_CXX_LANGUAGE_STANDARD = "gnu++14";
				CLANG_CXX_LIBRARY = "libc++";
				CLANG_ENABLE_MODULES = YES;
				CLANG_ENABLE_OBJC_ARC = YES;
				CLANG_ENABLE_OBJC_WEAK = YES;
				CLANG_WARN_BLOCK_CAPTURE_AUTORELEASING = YES;
				CLANG_WARN_BOOL_CONVERSION = YES;
				CLANG_WARN_COMMA = YES;
				CLANG_WARN_CONSTANT_CONVERSION = YES;
				CLANG_WARN_DEPRECATED_OBJC_IMPLEMENTATIONS = YES;
				CLANG_WARN_DIRECT_OBJC_ISA_USAGE = YES_ERROR;
				CLANG_WARN_DOCUMENTATION_COMMENTS = YES;
				CLANG_WARN_EMPTY_BODY = YES;
				CLANG_WARN_ENUM_CONVERSION = YES;
				CLANG_WARN_INFINITE_RECURSION = YES;
				CLANG_WARN_INT_CONVERSION = YES;
				CLANG_WARN_NON_LITERAL_NULL_CONVERSION = YES;
				CLANG_WARN_OBJC_IMPLICIT_RETAIN_SELF = YES;
				CLANG_WARN_OBJC_LITERAL_CONVERSION = YES;
				CLANG_WARN_OBJC_ROOT_CLASS = YES_ERROR;
				CLANG_WARN_RANGE_LOOP_ANALYSIS = YES;
				CLANG_WARN_STRICT_PROTOTYPES = YES;
				CLANG_WARN_SUSPICIOUS_MOVE = YES;
				CLANG_WARN_UNGUARDED_AVAILABILITY = YES_AGGRESSIVE;
				CLANG_WARN_UNREACHABLE_CODE = YES;
				CLANG_WARN__DUPLICATE_METHOD_MATCH = YES;
				CODE_SIGN_IDENTITY = "iPhone Developer";
				COPY_PHASE_STRIP = NO;
				DEBUG_INFORMATION_FORMAT = dwarf;
				ENABLE_STRICT_OBJC_MSGSEND = YES;
				ENABLE_TESTABILITY = YES;
				GCC_C_LANGUAGE_STANDARD = gnu11;
				GCC_DYNAMIC_NO_PIC = NO;
				GCC_NO_COMMON_BLOCKS = YES;
				GCC_OPTIMIZATION_LEVEL = 0;
				GCC_PREPROCESSOR_DEFINITIONS = (
					"DEBUG=1",
					"$(inherited)",
				);
				GCC_WARN_64_TO_32_BIT_CONVERSION = YES;
				GCC_WARN_ABOUT_RETURN_TYPE = YES_ERROR;
				GCC_WARN_UNDECLARED_SELECTOR = YES;
				GCC_WARN_UNINITIALIZED_AUTOS = YES_AGGRESSIVE;
				GCC_WARN_UNUSED_FUNCTION = YES;
				GCC_WARN_UNUSED_VARIABLE = YES;
				IPHONEOS_DEPLOYMENT_TARGET = 12.1;
				MTL_ENABLE_DEBUG_INFO = INCLUDE_SOURCE;
				MTL_FAST_MATH = YES;
				ONLY_ACTIVE_ARCH = YES;
				SDKROOT = iphoneos;
				SWIFT_ACTIVE_COMPILATION_CONDITIONS = DEBUG;
				SWIFT_OPTIMIZATION_LEVEL = "-Onone";
			};
			name = Debug;
		};
		6AA0D9A721DF6DB600AEEEA1 /* Release */ = {
			isa = XCBuildConfiguration;
			buildSettings = {
				ALWAYS_SEARCH_USER_PATHS = NO;
				CLANG_ANALYZER_NONNULL = YES;
				CLANG_ANALYZER_NUMBER_OBJECT_CONVERSION = YES_AGGRESSIVE;
				CLANG_CXX_LANGUAGE_STANDARD = "gnu++14";
				CLANG_CXX_LIBRARY = "libc++";
				CLANG_ENABLE_MODULES = YES;
				CLANG_ENABLE_OBJC_ARC = YES;
				CLANG_ENABLE_OBJC_WEAK = YES;
				CLANG_WARN_BLOCK_CAPTURE_AUTORELEASING = YES;
				CLANG_WARN_BOOL_CONVERSION = YES;
				CLANG_WARN_COMMA = YES;
				CLANG_WARN_CONSTANT_CONVERSION = YES;
				CLANG_WARN_DEPRECATED_OBJC_IMPLEMENTATIONS = YES;
				CLANG_WARN_DIRECT_OBJC_ISA_USAGE = YES_ERROR;
				CLANG_WARN_DOCUMENTATION_COMMENTS = YES;
				CLANG_WARN_EMPTY_BODY = YES;
				CLANG_WARN_ENUM_CONVERSION = YES;
				CLANG_WARN_INFINITE_RECURSION = YES;
				CLANG_WARN_INT_CONVERSION = YES;
				CLANG_WARN_NON_LITERAL_NULL_CONVERSION = YES;
				CLANG_WARN_OBJC_IMPLICIT_RETAIN_SELF = YES;
				CLANG_WARN_OBJC_LITERAL_CONVERSION = YES;
				CLANG_WARN_OBJC_ROOT_CLASS = YES_ERROR;
				CLANG_WARN_RANGE_LOOP_ANALYSIS = YES;
				CLANG_WARN_STRICT_PROTOTYPES = YES;
				CLANG_WARN_SUSPICIOUS_MOVE = YES;
				CLANG_WARN_UNGUARDED_AVAILABILITY = YES_AGGRESSIVE;
				CLANG_WARN_UNREACHABLE_CODE = YES;
				CLANG_WARN__DUPLICATE_METHOD_MATCH = YES;
				CODE_SIGN_IDENTITY = "iPhone Developer";
				COPY_PHASE_STRIP = NO;
				DEBUG_INFORMATION_FORMAT = "dwarf-with-dsym";
				ENABLE_NS_ASSERTIONS = NO;
				ENABLE_STRICT_OBJC_MSGSEND = YES;
				GCC_C_LANGUAGE_STANDARD = gnu11;
				GCC_NO_COMMON_BLOCKS = YES;
				GCC_WARN_64_TO_32_BIT_CONVERSION = YES;
				GCC_WARN_ABOUT_RETURN_TYPE = YES_ERROR;
				GCC_WARN_UNDECLARED_SELECTOR = YES;
				GCC_WARN_UNINITIALIZED_AUTOS = YES_AGGRESSIVE;
				GCC_WARN_UNUSED_FUNCTION = YES;
				GCC_WARN_UNUSED_VARIABLE = YES;
				IPHONEOS_DEPLOYMENT_TARGET = 12.1;
				MTL_ENABLE_DEBUG_INFO = NO;
				MTL_FAST_MATH = YES;
				SDKROOT = iphoneos;
				SWIFT_COMPILATION_MODE = wholemodule;
				SWIFT_OPTIMIZATION_LEVEL = "-O";
				VALIDATE_PRODUCT = YES;
			};
			name = Release;
		};
		6AA0D9A921DF6DB600AEEEA1 /* Debug */ = {
			isa = XCBuildConfiguration;
			buildSettings = {
				ASSETCATALOG_COMPILER_APPICON_NAME = AppIcon;
				CODE_SIGN_STYLE = Automatic;
				INFOPLIST_FILE = Expenso/Info.plist;
				LD_RUNPATH_SEARCH_PATHS = (
					"$(inherited)",
					"@executable_path/Frameworks",
				);
				PRODUCT_BUNDLE_IDENTIFIER = expenso.ios.Expenso;
				PRODUCT_NAME = "$(TARGET_NAME)";
				SWIFT_VERSION = 4.2;
				TARGETED_DEVICE_FAMILY = "1,2";
			};
			name = Debug;
		};
		6AA0D9AA21DF6DB600AEEEA1 /* Release */ = {
			isa = XCBuildConfiguration;
			buildSettings = {
				ASSETCATALOG_COMPILER_APPICON_NAME = AppIcon;
				CODE_SIGN_STYLE = Automatic;
				INFOPLIST_FILE = Expenso/Info.plist;
				LD_RUNPATH_SEARCH_PATHS = (
					"$(inherited)",
					"@executable_path/Frameworks",
				);
				PRODUCT_BUNDLE_IDENTIFIER = expenso.ios.Expenso;
				PRODUCT_NAME = "$(TARGET_NAME)";
				SWIFT_VERSION = 4.2;
				TARGETED_DEVICE_FAMILY = "1,2";
			};
			name = Release;
		};
/* End XCBuildConfiguration section */

/* Begin XCConfigurationList section */
		6AA0D98E21DF6DB500AEEEA1 /* Build configuration list for PBXProject "Expenso" */ = {
			isa = XCConfigurationList;
			buildConfigurations = (
				6AA0D9A621DF6DB600AEEEA1 /* Debug */,
				6AA0D9A721DF6DB600AEEEA1 /* Release */,
			);
			defaultConfigurationIsVisible = 0;
			defaultConfigurationName = Release;
		};
		6AA0D9A821DF6DB600AEEEA1 /* Build configuration list for PBXNativeTarget "Expenso" */ = {
			isa = XCConfigurationList;
			buildConfigurations = (
				6AA0D9A921DF6DB600AEEEA1 /* Debug */,
				6AA0D9AA21DF6DB600AEEEA1 /* Release */,
			);
			defaultConfigurationIsVisible = 0;
			defaultConfigurationName = Release;
		};
/* End XCConfigurationList section */

/* Begin XCVersionGroup section */
		6AA0D99D21DF6DB500AEEEA1 /* Expenso.xcdatamodeld */ = {
			isa = XCVersionGroup;
			children = (
				6AA0D99E21DF6DB500AEEEA1 /* Expenso.xcdatamodel */,
			);
			currentVersion = 6AA0D99E21DF6DB500AEEEA1 /* Expenso.xcdatamodel */;
			path = Expenso.xcdatamodeld;
			sourceTree = "<group>";
			versionGroupType = wrapper.xcdatamodel;
		};
/* End XCVersionGroup section */
	};
	rootObject = 6AA0D98B21DF6DB500AEEEA1 /* Project object */;
}
